
Microsoft Visual Studio Solution File, Format Version 12.00
# Visual Studio Version 16
VisualStudioVersion = 16.0.29519.87
MinimumVisualStudioVersion = 10.0.40219.1
Project("{FAE04EC0-301F-11D3-BF4B-00C04F79EFBC}") = "DeadPixelTest", "DeadPixelTest.csproj", "{68A12220-B245-4989-A867-6502C9395D9D}"
EndProject
Global
	GlobalSection(SolutionConfigurationPlatforms) = preSolution
		Debug|Any CPU = Debug|Any CPU
		Release|Any CPU = Release|Any CPU
	EndGlobalSection
	GlobalSection(ProjectConfigurationPlatforms) = postSolution
		{68A12220-B245-4989-A867-6502C9395D9D}.Debug|Any CPU.ActiveCfg = Debug|Any CPU
		{68A12220-B245-4989-A867-6502C9395D9D}.Debug|Any CPU.Build.0 = Debug|Any CPU
		{68A12220-B245-4989-A867-6502C9395D9D}.Release|Any CPU.ActiveCfg = Release|Any CPU
		{68A12220-B245-4989-A867-6502C9395D9D}.Release|Any CPU.Build.0 = Release|Any CPU
	EndGlobalSection
	GlobalSection(SolutionProperties) = preSolution
		HideSolutionNode = FALSE
	EndGlobalSection
	GlobalSection(ExtensibilityGlobals) = postSolution
		SolutionGuid = {B6CC9E46-8FD1-4281-A369-54DBA9501FD3}
	EndGlobalSection
EndGlobal
